
Microsoft Visual Studio Solution File, Format Version 12.00
# Visual Studio 14
VisualStudioVersion = 14.0.22609.0
MinimumVisualStudioVersion = 10.0.40219.1
Project("{FAE04EC0-301F-11D3-BF4B-00C04F79EFBC}") = "KeySAVCoreJS", "KeySAVCoreJS\KeySAVCoreJS.csproj", "{732661B6-2A27-488A-B5B1-EA2F2D575139}"
EndProject
Global
	GlobalSection(SolutionConfigurationPlatforms) = preSolution
		Debug|Any CPU = Debug|Any CPU
		Release|Any CPU = Release|Any CPU
	EndGlobalSection
	GlobalSection(ProjectConfigurationPlatforms) = postSolution
		{732661B6-2A27-488A-B5B1-EA2F2D575139}.Debug|Any CPU.ActiveCfg = Debug|Any CPU
		{732661B6-2A27-488A-B5B1-EA2F2D575139}.Debug|Any CPU.Build.0 = Debug|Any CPU
		{732661B6-2A27-488A-B5B1-EA2F2D575139}.Release|Any CPU.ActiveCfg = Release|Any CPU
		{732661B6-2A27-488A-B5B1-EA2F2D575139}.Release|Any CPU.Build.0 = Release|Any CPU
	EndGlobalSection
	GlobalSection(SolutionProperties) = preSolution
		HideSolutionNode = FALSE
	EndGlobalSection
EndGlobal
